
Microsoft Visual Studio Solution File, Format Version 12.00
# Visual Studio Version 16
VisualStudioVersion = 16.0.31624.102
MinimumVisualStudioVersion = 10.0.40219.1
Project("{FAE04EC0-301F-11D3-BF4B-00C04F79EFBC}") = "Persian.Calendar.Library", "Persian.Calendar.Library\Persian.Calendar.Library.csproj", "{05E8A0EF-CEEB-412E-93A2-91F2D9DE7CDD}"
EndProject
Global
	GlobalSection(SolutionConfigurationPlatforms) = preSolution
		Debug|Any CPU = Debug|Any CPU
		Release|Any CPU = Release|Any CPU
	EndGlobalSection
	GlobalSection(ProjectConfigurationPlatforms) = postSolution
		{05E8A0EF-CEEB-412E-93A2-91F2D9DE7CDD}.Debug|Any CPU.ActiveCfg = Debug|Any CPU
		{05E8A0EF-CEEB-412E-93A2-91F2D9DE7CDD}.Debug|Any CPU.Build.0 = Debug|Any CPU
		{05E8A0EF-CEEB-412E-93A2-91F2D9DE7CDD}.Release|Any CPU.ActiveCfg = Release|Any CPU
		{05E8A0EF-CEEB-412E-93A2-91F2D9DE7CDD}.Release|Any CPU.Build.0 = Release|Any CPU
	EndGlobalSection
	GlobalSection(SolutionProperties) = preSolution
		HideSolutionNode = FALSE
	EndGlobalSection
	GlobalSection(ExtensibilityGlobals) = postSolution
		SolutionGuid = {CBE69A88-62E3-4F4E-B073-FD85A1DC3CB7}
	EndGlobalSection
EndGlobal
